
Microsoft Visual Studio Solution File, Format Version 12.00
# Visual Studio Version 17
VisualStudioVersion = 17.2.32630.192
MinimumVisualStudioVersion = 10.0.40219.1
Project("{FAE04EC0-301F-11D3-BF4B-00C04F79EFBC}") = "MultiCard4Keno", "MultiCard4Keno\MultiCard4Keno.csproj", "{4D5F302B-7EB5-4805-8372-73BB50D7BFB7}"
EndProject
Project("{FAE04EC0-301F-11D3-BF4B-00C04F79EFBC}") = "Polymorphism", "..\..\polymorphism-basics\Polymorphism\Polymorphism.csproj", "{874FD66D-5DB8-403C-8BAD-6CD24D9B5724}"
EndProject
Project("{2150E333-8FDC-42A3-9474-1A3956D46DE8}") = "ClassDefinition", "ClassDefinition", "{065EFA0E-2D50-406B-9864-D509E9B7AD53}"
EndProject
Project("{FAE04EC0-301F-11D3-BF4B-00C04F79EFBC}") = "MultiCard4KenoTest", "MultCard4KenoTest\MultiCard4KenoTest.csproj", "{6C2161B6-F41C-4114-B97C-6F36E492B4CA}"
EndProject
Global
	GlobalSection(SolutionConfigurationPlatforms) = preSolution
		Debug|Any CPU = Debug|Any CPU
		Release|Any CPU = Release|Any CPU
	EndGlobalSection
	GlobalSection(ProjectConfigurationPlatforms) = postSolution
		{4D5F302B-7EB5-4805-8372-73BB50D7BFB7}.Debug|Any CPU.ActiveCfg = Debug|Any CPU
		{4D5F302B-7EB5-4805-8372-73BB50D7BFB7}.Debug|Any CPU.Build.0 = Debug|Any CPU
		{4D5F302B-7EB5-4805-8372-73BB50D7BFB7}.Release|Any CPU.ActiveCfg = Release|Any CPU
		{4D5F302B-7EB5-4805-8372-73BB50D7BFB7}.Release|Any CPU.Build.0 = Release|Any CPU
		{874FD66D-5DB8-403C-8BAD-6CD24D9B5724}.Debug|Any CPU.ActiveCfg = Debug|Any CPU
		{874FD66D-5DB8-403C-8BAD-6CD24D9B5724}.Debug|Any CPU.Build.0 = Debug|Any CPU
		{874FD66D-5DB8-403C-8BAD-6CD24D9B5724}.Release|Any CPU.ActiveCfg = Release|Any CPU
		{874FD66D-5DB8-403C-8BAD-6CD24D9B5724}.Release|Any CPU.Build.0 = Release|Any CPU
		{6C2161B6-F41C-4114-B97C-6F36E492B4CA}.Debug|Any CPU.ActiveCfg = Debug|Any CPU
		{6C2161B6-F41C-4114-B97C-6F36E492B4CA}.Debug|Any CPU.Build.0 = Debug|Any CPU
		{6C2161B6-F41C-4114-B97C-6F36E492B4CA}.Release|Any CPU.ActiveCfg = Release|Any CPU
		{6C2161B6-F41C-4114-B97C-6F36E492B4CA}.Release|Any CPU.Build.0 = Release|Any CPU
	EndGlobalSection
	GlobalSection(SolutionProperties) = preSolution
		HideSolutionNode = FALSE
	EndGlobalSection
	GlobalSection(NestedProjects) = preSolution
		{874FD66D-5DB8-403C-8BAD-6CD24D9B5724} = {065EFA0E-2D50-406B-9864-D509E9B7AD53}
	EndGlobalSection
	GlobalSection(ExtensibilityGlobals) = postSolution
		SolutionGuid = {7542D8E5-E15E-415B-9A9D-7AAC8FC77329}
	EndGlobalSection
EndGlobal
